// !$*UTF8*$!
{
	archiveVersion = 1;
	classes = {
	};
	objectVersion = 50;
	objects = {

/* Begin PBXBuildFile section */
		F7019E2B21BF138300603363 /* AppDelegate.swift in Sources */ = {isa = PBXBuildFile; fileRef = F7019E2A21BF138300603363 /* AppDelegate.swift */; };
		F7019E3021BF138300603363 /* Main.storyboard in Resources */ = {isa = PBXBuildFile; fileRef = F7019E2E21BF138300603363 /* Main.storyboard */; };
		F7019E3221BF138500603363 /* Assets.xcassets in Resources */ = {isa = PBXBuildFile; fileRef = F7019E3121BF138500603363 /* Assets.xcassets */; };
		F7019E3521BF138500603363 /* LaunchScreen.storyboard in Resources */ = {isa = PBXBuildFile; fileRef = F7019E3321BF138500603363 /* LaunchScreen.storyboard */; };
		F7019E4321BF13E700603363 /* Post.swift in Sources */ = {isa = PBXBuildFile; fileRef = F7019E4221BF13E700603363 /* Post.swift */; };
		F7019E4521BF17C800603363 /* MessageController.swift in Sources */ = {isa = PBXBuildFile; fileRef = F7019E4421BF17C800603363 /* MessageController.swift */; };
		F7019E4721BF362500603363 /* MessageViewController.swift in Sources */ = {isa = PBXBuildFile; fileRef = F7019E4621BF362500603363 /* MessageViewController.swift */; };
/* End PBXBuildFile section */

/* Begin PBXFileReference section */
		F7019E2721BF138300603363 /* Messaging23.app */ = {isa = PBXFileReference; explicitFileType = wrapper.application; includeInIndex = 0; path = Messaging23.app; sourceTree = BUILT_PRODUCTS_DIR; };
		F7019E2A21BF138300603363 /* AppDelegate.swift */ = {isa = PBXFileReference; lastKnownFileType = sourcecode.swift; path = AppDelegate.swift; sourceTree = "<group>"; };
		F7019E2F21BF138300603363 /* Base */ = {isa = PBXFileReference; lastKnownFileType = file.storyboard; name = Base; path = Base.lproj/Main.storyboard; sourceTree = "<group>"; };
		F7019E3121BF138500603363 /* Assets.xcassets */ = {isa = PBXFileReference; lastKnownFileType = folder.assetcatalog; path = Assets.xcassets; sourceTree = "<group>"; };
		F7019E3421BF138500603363 /* Base */ = {isa = PBXFileReference; lastKnownFileType = file.storyboard; name = Base; path = Base.lproj/LaunchScreen.storyboard; sourceTree = "<group>"; };
		F7019E3621BF138500603363 /* Info.plist */ = {isa = PBXFileReference; lastKnownFileType = text.plist.xml; path = Info.plist; sourceTree = "<group>"; };
		F7019E4221BF13E700603363 /* Post.swift */ = {isa = PBXFileReference; lastKnownFileType = sourcecode.swift; path = Post.swift; sourceTree = "<group>"; };
		F7019E4421BF17C800603363 /* MessageController.swift */ = {isa = PBXFileReference; lastKnownFileType = sourcecode.swift; path = MessageController.swift; sourceTree = "<group>"; };
		F7019E4621BF362500603363 /* MessageViewController.swift */ = {isa = PBXFileReference; lastKnownFileType = sourcecode.swift; path = MessageViewController.swift; sourceTree = "<group>"; };
/* End PBXFileReference section */

/* Begin PBXFrameworksBuildPhase section */
		F7019E2421BF138300603363 /* Frameworks */ = {
			isa = PBXFrameworksBuildPhase;
			buildActionMask = 2147483647;
			files = (
			);
			runOnlyForDeploymentPostprocessing = 0;
		};
/* End PBXFrameworksBuildPhase section */

/* Begin PBXGroup section */
		F7019E1E21BF138300603363 = {
			isa = PBXGroup;
			children = (
				F7019E2921BF138300603363 /* Messaging23 */,
				F7019E2821BF138300603363 /* Products */,
			);
			sourceTree = "<group>";
		};
		F7019E2821BF138300603363 /* Products */ = {
			isa = PBXGroup;
			children = (
				F7019E2721BF138300603363 /* Messaging23.app */,
			);
			name = Products;
			sourceTree = "<group>";
		};
		F7019E2921BF138300603363 /* Messaging23 */ = {
			isa = PBXGroup;
			children = (
				F7019E3F21BF13C100603363 /* view controllers */,
				F7019E3E21BF13B500603363 /* model controller */,
				F7019E3D21BF13B000603363 /* model */,
				F7019E3C21BF13A500603363 /* resources */,
				F7019E2E21BF138300603363 /* Main.storyboard */,
			);
			path = Messaging23;
			sourceTree = "<group>";
		};
		F7019E3C21BF13A500603363 /* resources */ = {
			isa = PBXGroup;
			children = (
				F7019E2A21BF138300603363 /* AppDelegate.swift */,
				F7019E3121BF138500603363 /* Assets.xcassets */,
				F7019E3321BF138500603363 /* LaunchScreen.storyboard */,
				F7019E3621BF138500603363 /* Info.plist */,
			);
			path = resources;
			sourceTree = "<group>";
		};
		F7019E3D21BF13B000603363 /* model */ = {
			isa = PBXGroup;
			children = (
				F7019E4221BF13E700603363 /* Post.swift */,
			);
			path = model;
			sourceTree = "<group>";
		};
		F7019E3E21BF13B500603363 /* model controller */ = {
			isa = PBXGroup;
			children = (
				F7019E4421BF17C800603363 /* MessageController.swift */,
			);
			path = "model controller";
			sourceTree = "<group>";
		};
		F7019E3F21BF13C100603363 /* view controllers */ = {
			isa = PBXGroup;
			children = (
				F7019E4121BF13D600603363 /* view */,
			);
			path = "view controllers";
			sourceTree = "<group>";
		};
		F7019E4121BF13D600603363 /* view */ = {
			isa = PBXGroup;
			children = (
				F7019E4621BF362500603363 /* MessageViewController.swift */,
			);
			path = view;
			sourceTree = "<group>";
		};
/* End PBXGroup section */

/* Begin PBXNativeTarget section */
		F7019E2621BF138300603363 /* Messaging23 */ = {
			isa = PBXNativeTarget;
			buildConfigurationList = F7019E3921BF138500603363 /* Build configuration list for PBXNativeTarget "Messaging23" */;
			buildPhases = (
				F7019E2321BF138300603363 /* Sources */,
				F7019E2421BF138300603363 /* Frameworks */,
				F7019E2521BF138300603363 /* Resources */,
			);
			buildRules = (
			);
			dependencies = (
			);
			name = Messaging23;
			productName = Messaging23;
			productReference = F7019E2721BF138300603363 /* Messaging23.app */;
			productType = "com.apple.product-type.application";
		};
/* End PBXNativeTarget section */

/* Begin PBXProject section */
		F7019E1F21BF138300603363 /* Project object */ = {
			isa = PBXProject;
			attributes = {
				LastSwiftUpdateCheck = 1010;
				LastUpgradeCheck = 1010;
				ORGANIZATIONNAME = "Karissa McDaris";
				TargetAttributes = {
					F7019E2621BF138300603363 = {
						CreatedOnToolsVersion = 10.1;
					};
				};
			};
			buildConfigurationList = F7019E2221BF138300603363 /* Build configuration list for PBXProject "Messaging23" */;
			compatibilityVersion = "Xcode 9.3";
			developmentRegion = en;
			hasScannedForEncodings = 0;
			knownRegions = (
				en,
				Base,
			);
			mainGroup = F7019E1E21BF138300603363;
			productRefGroup = F7019E2821BF138300603363 /* Products */;
			projectDirPath = "";
			projectRoot = "";
			targets = (
				F7019E2621BF138300603363 /* Messaging23 */,
			);
		};
/* End PBXProject section */

/* Begin PBXResourcesBuildPhase section */
		F7019E2521BF138300603363 /* Resources */ = {
			isa = PBXResourcesBuildPhase;
			buildActionMask = 2147483647;
			files = (
				F7019E3521BF138500603363 /* LaunchScreen.storyboard in Resources */,
				F7019E3221BF138500603363 /* Assets.xcassets in Resources */,
				F7019E3021BF138300603363 /* Main.storyboard in Resources */,
			);
			runOnlyForDeploymentPostprocessing = 0;
		};
/* End PBXResourcesBuildPhase section */

/* Begin PBXSourcesBuildPhase section */
		F7019E2321BF138300603363 /* Sources */ = {
			isa = PBXSourcesBuildPhase;
			buildActionMask = 2147483647;
			files = (
				F7019E4721BF362500603363 /* MessageViewController.swift in Sources */,
				F7019E2B21BF138300603363 /* AppDelegate.swift in Sources */,
				F7019E4321BF13E700603363 /* Post.swift in Sources */,
				F7019E4521BF17C800603363 /* MessageController.swift in Sources */,
			);
			runOnlyForDeploymentPostprocessing = 0;
		};
/* End PBXSourcesBuildPhase section */

/* Begin PBXVariantGroup section */
		F7019E2E21BF138300603363 /* Main.storyboard */ = {
			isa = PBXVariantGroup;
			children = (
				F7019E2F21BF138300603363 /* Base */,
			);
			name = Main.storyboard;
			sourceTree = "<group>";
		};
		F7019E3321BF138500603363 /* LaunchScreen.storyboard */ = {
			isa = PBXVariantGroup;
			children = (
				F7019E3421BF138500603363 /* Base */,
			);
			name = LaunchScreen.storyboard;
			sourceTree = "<group>";
		};
/* End PBXVariantGroup section */

/* Begin XCBuildConfiguration section */
		F7019E3721BF138500603363 /* Debug */ = {
			isa = XCBuildConfiguration;
			buildSettings = {
				ALWAYS_SEARCH_USER_PATHS = NO;
				CLANG_ANALYZER_NONNULL = YES;
				CLANG_ANALYZER_NUMBER_OBJECT_CONVERSION = YES_AGGRESSIVE;
				CLANG_CXX_LANGUAGE_STANDARD = "gnu++14";
				CLANG_CXX_LIBRARY = "libc++";
				CLANG_ENABLE_MODULES = YES;
				CLANG_ENABLE_OBJC_ARC = YES;
				CLANG_ENABLE_OBJC_WEAK = YES;
				CLANG_WARN_BLOCK_CAPTURE_AUTORELEASING = YES;
				CLANG_WARN_BOOL_CONVERSION = YES;
				CLANG_WARN_COMMA = YES;
				CLANG_WARN_CONSTANT_CONVERSION = YES;
				CLANG_WARN_DEPRECATED_OBJC_IMPLEMENTATIONS = YES;
				CLANG_WARN_DIRECT_OBJC_ISA_USAGE = YES_ERROR;
				CLANG_WARN_DOCUMENTATION_COMMENTS = YES;
				CLANG_WARN_EMPTY_BODY = YES;
				CLANG_WARN_ENUM_CONVERSION = YES;
				CLANG_WARN_INFINITE_RECURSION = YES;
				CLANG_WARN_INT_CONVERSION = YES;
				CLANG_WARN_NON_LITERAL_NULL_CONVERSION = YES;
				CLANG_WARN_OBJC_IMPLICIT_RETAIN_SELF = YES;
				CLANG_WARN_OBJC_LITERAL_CONVERSION = YES;
				CLANG_WARN_OBJC_ROOT_CLASS = YES_ERROR;
				CLANG_WARN_RANGE_LOOP_ANALYSIS = YES;
				CLANG_WARN_STRICT_PROTOTYPES = YES;
				CLANG_WARN_SUSPICIOUS_MOVE = YES;
				CLANG_WARN_UNGUARDED_AVAILABILITY = YES_AGGRESSIVE;
				CLANG_WARN_UNREACHABLE_CODE = YES;
				CLANG_WARN__DUPLICATE_METHOD_MATCH = YES;
				CODE_SIGN_IDENTITY = "iPhone Developer";
				COPY_PHASE_STRIP = NO;
				DEBUG_INFORMATION_FORMAT = dwarf;
				ENABLE_STRICT_OBJC_MSGSEND = YES;
				ENABLE_TESTABILITY = YES;
				GCC_C_LANGUAGE_STANDARD = gnu11;
				GCC_DYNAMIC_NO_PIC = NO;
				GCC_NO_COMMON_BLOCKS = YES;
				GCC_OPTIMIZATION_LEVEL = 0;
				GCC_PREPROCESSOR_DEFINITIONS = (
					"DEBUG=1",
					"$(inherited)",
				);
				GCC_WARN_64_TO_32_BIT_CONVERSION = YES;
				GCC_WARN_ABOUT_RETURN_TYPE = YES_ERROR;
				GCC_WARN_UNDECLARED_SELECTOR = YES;
				GCC_WARN_UNINITIALIZED_AUTOS = YES_AGGRESSIVE;
				GCC_WARN_UNUSED_FUNCTION = YES;
				GCC_WARN_UNUSED_VARIABLE = YES;
				IPHONEOS_DEPLOYMENT_TARGET = 12.1;
				MTL_ENABLE_DEBUG_INFO = INCLUDE_SOURCE;
				MTL_FAST_MATH = YES;
				ONLY_ACTIVE_ARCH = YES;
				SDKROOT = iphoneos;
				SWIFT_ACTIVE_COMPILATION_CONDITIONS = DEBUG;
				SWIFT_OPTIMIZATION_LEVEL = "-Onone";
			};
			name = Debug;
		};
		F7019E3821BF138500603363 /* Release */ = {
			isa = XCBuildConfiguration;
			buildSettings = {
				ALWAYS_SEARCH_USER_PATHS = NO;
				CLANG_ANALYZER_NONNULL = YES;
				CLANG_ANALYZER_NUMBER_OBJECT_CONVERSION = YES_AGGRESSIVE;
				CLANG_CXX_LANGUAGE_STANDARD = "gnu++14";
				CLANG_CXX_LIBRARY = "libc++";
				CLANG_ENABLE_MODULES = YES;
				CLANG_ENABLE_OBJC_ARC = YES;
				CLANG_ENABLE_OBJC_WEAK = YES;
				CLANG_WARN_BLOCK_CAPTURE_AUTORELEASING = YES;
				CLANG_WARN_BOOL_CONVERSION = YES;
				CLANG_WARN_COMMA = YES;
				CLANG_WARN_CONSTANT_CONVERSION = YES;
				CLANG_WARN_DEPRECATED_OBJC_IMPLEMENTATIONS = YES;
				CLANG_WARN_DIRECT_OBJC_ISA_USAGE = YES_ERROR;
				CLANG_WARN_DOCUMENTATION_COMMENTS = YES;
				CLANG_WARN_EMPTY_BODY = YES;
				CLANG_WARN_ENUM_CONVERSION = YES;
				CLANG_WARN_INFINITE_RECURSION = YES;
				CLANG_WARN_INT_CONVERSION = YES;
				CLANG_WARN_NON_LITERAL_NULL_CONVERSION = YES;
				CLANG_WARN_OBJC_IMPLICIT_RETAIN_SELF = YES;
				CLANG_WARN_OBJC_LITERAL_CONVERSION = YES;
				CLANG_WARN_OBJC_ROOT_CLASS = YES_ERROR;
				CLANG_WARN_RANGE_LOOP_ANALYSIS = YES;
				CLANG_WARN_STRICT_PROTOTYPES = YES;
				CLANG_WARN_SUSPICIOUS_MOVE = YES;
				CLANG_WARN_UNGUARDED_AVAILABILITY = YES_AGGRESSIVE;
				CLANG_WARN_UNREACHABLE_CODE = YES;
				CLANG_WARN__DUPLICATE_METHOD_MATCH = YES;
				CODE_SIGN_IDENTITY = "iPhone Developer";
				COPY_PHASE_STRIP = NO;
				DEBUG_INFORMATION_FORMAT = "dwarf-with-dsym";
				ENABLE_NS_ASSERTIONS = NO;
				ENABLE_STRICT_OBJC_MSGSEND = YES;
				GCC_C_LANGUAGE_STANDARD = gnu11;
				GCC_NO_COMMON_BLOCKS = YES;
				GCC_WARN_64_TO_32_BIT_CONVERSION = YES;
				GCC_WARN_ABOUT_RETURN_TYPE = YES_ERROR;
				GCC_WARN_UNDECLARED_SELECTOR = YES;
				GCC_WARN_UNINITIALIZED_AUTOS = YES_AGGRESSIVE;
				GCC_WARN_UNUSED_FUNCTION = YES;
				GCC_WARN_UNUSED_VARIABLE = YES;
				IPHONEOS_DEPLOYMENT_TARGET = 12.1;
				MTL_ENABLE_DEBUG_INFO = NO;
				MTL_FAST_MATH = YES;
				SDKROOT = iphoneos;
				SWIFT_COMPILATION_MODE = wholemodule;
				SWIFT_OPTIMIZATION_LEVEL = "-O";
				VALIDATE_PRODUCT = YES;
			};
			name = Release;
		};
		F7019E3A21BF138500603363 /* Debug */ = {
			isa = XCBuildConfiguration;
			buildSettings = {
				ASSETCATALOG_COMPILER_APPICON_NAME = AppIcon;
				CODE_SIGN_STYLE = Automatic;
				DEVELOPMENT_TEAM = 6XHS9MLH4Q;
				INFOPLIST_FILE = "$(SRCROOT)/Messaging23/resources/Info.plist";
				LD_RUNPATH_SEARCH_PATHS = (
					"$(inherited)",
					"@executable_path/Frameworks",
				);
				PRODUCT_BUNDLE_IDENTIFIER = mcdaris.Messaging23;
				PRODUCT_NAME = "$(TARGET_NAME)";
				SWIFT_VERSION = 4.2;
				TARGETED_DEVICE_FAMILY = "1,2";
			};
			name = Debug;
		};
		F7019E3B21BF138500603363 /* Release */ = {
			isa = XCBuildConfiguration;
			buildSettings = {
				ASSETCATALOG_COMPILER_APPICON_NAME = AppIcon;
				CODE_SIGN_STYLE = Automatic;
				DEVELOPMENT_TEAM = 6XHS9MLH4Q;
				INFOPLIST_FILE = "$(SRCROOT)/Messaging23/resources/Info.plist";
				LD_RUNPATH_SEARCH_PATHS = (
					"$(inherited)",
					"@executable_path/Frameworks",
				);
				PRODUCT_BUNDLE_IDENTIFIER = mcdaris.Messaging23;
				PRODUCT_NAME = "$(TARGET_NAME)";
				SWIFT_VERSION = 4.2;
				TARGETED_DEVICE_FAMILY = "1,2";
			};
			name = Release;
		};
/* End XCBuildConfiguration section */

/* Begin XCConfigurationList section */
		F7019E2221BF138300603363 /* Build configuration list for PBXProject "Messaging23" */ = {
			isa = XCConfigurationList;
			buildConfigurations = (
				F7019E3721BF138500603363 /* Debug */,
				F7019E3821BF138500603363 /* Release */,
			);
			defaultConfigurationIsVisible = 0;
			defaultConfigurationName = Release;
		};
		F7019E3921BF138500603363 /* Build configuration list for PBXNativeTarget "Messaging23" */ = {
			isa = XCConfigurationList;
			buildConfigurations = (
				F7019E3A21BF138500603363 /* Debug */,
				F7019E3B21BF138500603363 /* Release */,
			);
			defaultConfigurationIsVisible = 0;
			defaultConfigurationName = Release;
		};
/* End XCConfigurationList section */
	};
	rootObject = F7019E1F21BF138300603363 /* Project object */;
}
